# This file is automatically @generated by Poetry 1.8.2 and should not be changed by hand.

[[package]]
name = "colorama"
version = "0.4.6"
description = "Cross-platform colored terminal text."
optional = false
python-versions = "!=3.0.*,!=3.1.*,!=3.2.*,!=3.3.*,!=3.4.*,!=3.5.*,!=3.6.*,>=2.7"
files = [
    {file = "colorama-0.4.6-py2.py3-none-any.whl", hash = "sha256:4f1d9991f5acc0ca119f9d443620b77f9d6b33703e51011c16baf57afb285fc6"},
    {file = "colorama-0.4.6.tar.gz", hash = "sha256:08695f5cb7ed6e0531a20572697297273c47b8cae5a63ffc6d6ed5c201be6e44"},
]

[[package]]
name = "exceptiongroup"
version = "1.2.1"
description = "Backport of PEP 654 (exception groups)"
optional = false
python-versions = ">=3.7"
files = [
    {file = "exceptiongroup-1.2.1-py3-none-any.whl", hash = "sha256:5258b9ed329c5bbdd31a309f53cbfb0b155341807f6ff7606a1e801a891b29ad"},
    {file = "exceptiongroup-1.2.1.tar.gz", hash = "sha256:a4785e48b045528f5bfe627b6ad554ff32def154f42372786903b7abcfe1aa16"},
]

[package.extras]
test = ["pytest (>=6)"]

[[package]]
name = "iniconfig"
version = "2.0.0"
description = "brain-dead simple config-ini parsing"
optional = false
python-versions = ">=3.7"
files = [
    {file = "iniconfig-2.0.0-py3-none-any.whl", hash = "sha256:b6a85871a79d2e3b22d2d1b94ac2824226a63c6b741c88f7ae975f18b6778374"},
    {file = "iniconfig-2.0.0.tar.gz", hash = "sha256:2d91e135bf72d31a410b17c16da610a82cb55f6b0477d1a902134b24a455b8b3"},
]

[[package]]
name = "packaging"
version = "24.0"
description = "Core utilities for Python packages"
optional = false
python-versions = ">=3.7"
files = [
    {file = "packaging-24.0-py3-none-any.whl", hash = "sha256:2ddfb553fdf02fb784c234c7ba6ccc288296ceabec964ad2eae3777778130bc5"},
    {file = "packaging-24.0.tar.gz", hash = "sha256:eb82c5e3e56209074766e6885bb04b8c38a0c015d0a30036ebe7ece34c9989e9"},
]

[[package]]
name = "pluggy"
version = "1.5.0"
description = "plugin and hook calling mechanisms for python"
optional = false
python-versions = ">=3.8"
files = [
    {file = "pluggy-1.5.0-py3-none-any.whl", hash = "sha256:44e1ad92c8ca002de6377e165f3e0f1be63266ab4d554740532335b9d75ea669"},
    {file = "pluggy-1.5.0.tar.gz", hash = "sha256:2cffa88e94fdc978c4c574f15f9e59b7f4201d439195c3715ca9e2486f1d0cf1"},
]

[package.extras]
dev = ["pre-commit", "tox"]
testing = ["pytest", "pytest-benchmark"]

[[package]]
name = "pytest"
version = "8.2.0"
description = "pytest: simple powerful testing with Python"
optional = false
python-versions = ">=3.8"
files = [
    {file = "pytest-8.2.0-py3-none-any.whl", hash = "sha256:1733f0620f6cda4095bbf0d9ff8022486e91892245bb9e7d5542c018f612f233"},
    {file = "pytest-8.2.0.tar.gz", hash = "sha256:d507d4482197eac0ba2bae2e9babf0672eb333017bcedaa5fb1a3d42c1174b3f"},
]

[package.dependencies]
colorama = {version = "*", markers = "sys_platform == \"win32\""}
exceptiongroup = {version = ">=1.0.0rc8", markers = "python_version < \"3.11\""}
iniconfig = "*"
packaging = "*"
pluggy = ">=1.5,<2.0"
tomli = {version = ">=1", markers = "python_version < \"3.11\""}

[package.extras]
dev = ["argcomplete", "attrs (>=19.2)", "hypothesis (>=3.56)", "mock", "pygments (>=2.7.2)", "requests", "setuptools", "xmlschema"]

[[package]]
name = "tomli"
version = "2.0.1"
description = "A lil' TOML parser"
optional = false
python-versions = ">=3.7"
files = [
    {file = "tomli-2.0.1-py3-none-any.whl", hash = "sha256:939de3e7a6161af0c887ef91b7d41a53e7c5a1ca976325f429cb46ea9bc30ecc"},
    {file = "tomli-2.0.1.tar.gz", hash = "sha256:de526c12914f0c550d15924c62d72abc48d6fe7364aa87328337a31007fe8a4f"},
]

[[package]]
name = "uv"
version = "0.1.44"
description = "An extremely fast Python package installer and resolver, written in Rust."
optional = false
python-versions = ">=3.8"
files = [
    {file = "uv-0.1.44-py3-none-linux_armv6l.whl", hash = "sha256:3eeac3d8be69831430743f3d00f84ddccfbd56b6835bb52d17f97914c9adfdff"},
    {file = "uv-0.1.44-py3-none-macosx_10_12_x86_64.whl", hash = "sha256:d60e5b77b958c559324882da13ffa642dcd511e6a7eb9b07e7308a6d71e248de"},
    {file = "uv-0.1.44-py3-none-macosx_11_0_arm64.whl", hash = "sha256:e247dca0d8d42d71032ac99ef3d72a4fcbad4ae3114ef5979878a81a40fed274"},
    {file = "uv-0.1.44-py3-none-manylinux_2_17_armv7l.manylinux2014_armv7l.whl", hash = "sha256:768369a0bbdea8c3a670388ec1b4a11fe5871ef40d84a43844e9b8d97a1c2ca5"},
    {file = "uv-0.1.44-py3-none-manylinux_2_17_i686.manylinux2014_i686.whl", hash = "sha256:b04eb0c8dedadfe434f9756bdc1c8a09a75df83884ba4cc7d97985ee819e4f32"},
    {file = "uv-0.1.44-py3-none-manylinux_2_17_ppc64.manylinux2014_ppc64.whl", hash = "sha256:2f95acffcdac507de9c8f8ed037e529df3ccea274b4453df05df3f331543f5fc"},
    {file = "uv-0.1.44-py3-none-manylinux_2_17_ppc64le.manylinux2014_ppc64le.whl", hash = "sha256:b076828cef1f1ae1c3b54fa97b9e16b32816acc521ca6ff4a54fd8b16df67eef"},
    {file = "uv-0.1.44-py3-none-manylinux_2_17_s390x.manylinux2014_s390x.whl", hash = "sha256:2e5a60af214f42b621aa37ad320253c64f77dbfacafa710dc42d34965c2cd27f"},
    {file = "uv-0.1.44-py3-none-manylinux_2_17_x86_64.manylinux2014_x86_64.whl", hash = "sha256:567486ce0ad2f9778782ba6ee19d2b65516c4f4bf2b7b4fc66fc2712cd46c6d0"},
    {file = "uv-0.1.44-py3-none-manylinux_2_28_aarch64.whl", hash = "sha256:012fcfc3789f303ee3ff9f2a6e09bc589710fed7c2dcbad4379832072bad7a95"},
    {file = "uv-0.1.44-py3-none-musllinux_1_1_aarch64.whl", hash = "sha256:05774eb086b18aad488c3140daa62a235e3f270f62bd3cc4aaaa54eed927cc5b"},
    {file = "uv-0.1.44-py3-none-musllinux_1_1_armv7l.whl", hash = "sha256:e8cb1047b8f81ef09e15ec8d1b8dfc371594232e2e4f3ef3acf8991fcda20a57"},
    {file = "uv-0.1.44-py3-none-musllinux_1_1_i686.whl", hash = "sha256:7983b00d95290dcdea8488fa8ecdfdef5c8e7d3c92c90b8dcf405cc26b707add"},
    {file = "uv-0.1.44-py3-none-musllinux_1_1_x86_64.whl", hash = "sha256:8f90e80e11da409ce88424381f5c91e7f908d6a7eec53ed4ae60c5d76698d126"},
    {file = "uv-0.1.44-py3-none-win32.whl", hash = "sha256:9ef3448111b47ab95874fbf2c5ca8efd52f54de14086079e52b588d037d243f1"},
    {file = "uv-0.1.44-py3-none-win_amd64.whl", hash = "sha256:26d07edb37e7bfddc3b4e1faa13420e6048ddd974b34fbc1c19fcf9bacef9e5b"},
    {file = "uv-0.1.44.tar.gz", hash = "sha256:d82c7338f8bcb0551672e759e4115c035246321059692416ee03ebe08629b913"},
]

[metadata]
lock-version = "2.0"
python-versions = "^3.8"
content-hash = "824c8d41d361f3d07bda9f91485716bd9fe2436a2bfef9e725aacc472b1522af"
